
Microsoft Visual Studio Solution File, Format Version 12.00
# Visual Studio Version 17
VisualStudioVersion = 17.2.32526.322
MinimumVisualStudioVersion = 10.0.40219.1
Project("{9A19103F-16F7-4668-BE54-9A1E7A4F7556}") = "WinForms-proj", "WinForms-proj\WinForms-proj.csproj", "{9FCE14DF-1426-44CB-A2B4-E5F03D1BFABA}"
EndProject
Project("{9A19103F-16F7-4668-BE54-9A1E7A4F7556}") = "Console-proj", "Console-proj\Console-proj.csproj", "{F31DC4C9-259C-4963-A604-7F640E6F0E15}"
EndProject
Global
	GlobalSection(SolutionConfigurationPlatforms) = preSolution
		Debug|Any CPU = Debug|Any CPU
		Release|Any CPU = Release|Any CPU
	EndGlobalSection
	GlobalSection(ProjectConfigurationPlatforms) = postSolution
		{9FCE14DF-1426-44CB-A2B4-E5F03D1BFABA}.Debug|Any CPU.ActiveCfg = Debug|Any CPU
		{9FCE14DF-1426-44CB-A2B4-E5F03D1BFABA}.Debug|Any CPU.Build.0 = Debug|Any CPU
		{9FCE14DF-1426-44CB-A2B4-E5F03D1BFABA}.Release|Any CPU.ActiveCfg = Release|Any CPU
		{9FCE14DF-1426-44CB-A2B4-E5F03D1BFABA}.Release|Any CPU.Build.0 = Release|Any CPU
		{F31DC4C9-259C-4963-A604-7F640E6F0E15}.Debug|Any CPU.ActiveCfg = Debug|Any CPU
		{F31DC4C9-259C-4963-A604-7F640E6F0E15}.Debug|Any CPU.Build.0 = Debug|Any CPU
		{F31DC4C9-259C-4963-A604-7F640E6F0E15}.Release|Any CPU.ActiveCfg = Release|Any CPU
		{F31DC4C9-259C-4963-A604-7F640E6F0E15}.Release|Any CPU.Build.0 = Release|Any CPU
	EndGlobalSection
	GlobalSection(SolutionProperties) = preSolution
		HideSolutionNode = FALSE
	EndGlobalSection
	GlobalSection(ExtensibilityGlobals) = postSolution
		SolutionGuid = {3E61896B-DDB3-46B0-A40B-E8DE77FC71A8}
	EndGlobalSection
EndGlobal
