
Microsoft Visual Studio Solution File, Format Version 12.00
# Visual Studio Version 17
VisualStudioVersion = 17.2.32526.322
MinimumVisualStudioVersion = 10.0.40219.1
Project("{FAE04EC0-301F-11D3-BF4B-00C04F79EFBC}") = "Console", "Console.csproj", "{BEDE5671-0FAE-4E53-BF6C-2334F66E3BDA}"
EndProject
Global
	GlobalSection(SolutionConfigurationPlatforms) = preSolution
		Debug|Any CPU = Debug|Any CPU
		Release|Any CPU = Release|Any CPU
	EndGlobalSection
	GlobalSection(ProjectConfigurationPlatforms) = postSolution
		{BEDE5671-0FAE-4E53-BF6C-2334F66E3BDA}.Debug|Any CPU.ActiveCfg = Debug|Any CPU
		{BEDE5671-0FAE-4E53-BF6C-2334F66E3BDA}.Debug|Any CPU.Build.0 = Debug|Any CPU
		{BEDE5671-0FAE-4E53-BF6C-2334F66E3BDA}.Release|Any CPU.ActiveCfg = Release|Any CPU
		{BEDE5671-0FAE-4E53-BF6C-2334F66E3BDA}.Release|Any CPU.Build.0 = Release|Any CPU
	EndGlobalSection
	GlobalSection(SolutionProperties) = preSolution
		HideSolutionNode = FALSE
	EndGlobalSection
	GlobalSection(ExtensibilityGlobals) = postSolution
		SolutionGuid = {6299F1C6-4626-4D74-97DD-AD783FEC4374}
	EndGlobalSection
EndGlobal
