
Microsoft Visual Studio Solution File, Format Version 12.00
# Visual Studio Version 16
VisualStudioVersion = 16.0.31729.503
MinimumVisualStudioVersion = 10.0.40219.1
Project("{FAE04EC0-301F-11D3-BF4B-00C04F79EFBC}") = "ContosoUniversity", "ContosoUniversity\ContosoUniversity.csproj", "{047308B9-710A-4256-B11F-8C9D80732CC9}"
EndProject
Global
	GlobalSection(SolutionConfigurationPlatforms) = preSolution
		Debug|Any CPU = Debug|Any CPU
		Release|Any CPU = Release|Any CPU
	EndGlobalSection
	GlobalSection(ProjectConfigurationPlatforms) = postSolution
		{047308B9-710A-4256-B11F-8C9D80732CC9}.Debug|Any CPU.ActiveCfg = Debug|Any CPU
		{047308B9-710A-4256-B11F-8C9D80732CC9}.Debug|Any CPU.Build.0 = Debug|Any CPU
		{047308B9-710A-4256-B11F-8C9D80732CC9}.Release|Any CPU.ActiveCfg = Release|Any CPU
		{047308B9-710A-4256-B11F-8C9D80732CC9}.Release|Any CPU.Build.0 = Release|Any CPU
	EndGlobalSection
	GlobalSection(SolutionProperties) = preSolution
		HideSolutionNode = FALSE
	EndGlobalSection
	GlobalSection(ExtensibilityGlobals) = postSolution
		SolutionGuid = {74771F7E-C7A1-4DED-925F-C6A316E6A108}
	EndGlobalSection
EndGlobal
